
Microsoft Visual Studio Solution File, Format Version 12.00
# Visual Studio Version 17
VisualStudioVersion = 17.14.35906.104
MinimumVisualStudioVersion = 10.0.40219.1
Project("{2150E333-8FDC-42A3-9474-1A3956D46DE8}") = "Sources", "Sources", "{02EA681E-C7D8-13C7-8484-4AC65E1B71E8}"
EndProject
Project("{FAE04EC0-301F-11D3-BF4B-00C04F79EFBC}") = "Client.Web", "Sources\Client.Web\Client.Web.csproj", "{6E66BABF-7CBF-4D82-8816-91D840A6DE8E}"
EndProject
Project("{FAE04EC0-301F-11D3-BF4B-00C04F79EFBC}") = "Client.App", "Sources\Client.App\Client.App.csproj", "{13DC0A4D-8301-470F-BD4E-A4AD037FE8EA}"
EndProject
Project("{FAE04EC0-301F-11D3-BF4B-00C04F79EFBC}") = "Client.Shared", "Sources\Client.Shared\Client.Shared.csproj", "{B0576803-72C0-4B0F-8C58-8C9C644E5152}"
EndProject
Project("{FAE04EC0-301F-11D3-BF4B-00C04F79EFBC}") = "Client.Core", "Sources\Client.Core\Client.Core.csproj", "{321ED02C-039C-41CF-8C23-B0636ACA57F9}"
EndProject
Global
	GlobalSection(SolutionConfigurationPlatforms) = preSolution
		Debug|Any CPU = Debug|Any CPU
		Release|Any CPU = Release|Any CPU
	EndGlobalSection
	GlobalSection(ProjectConfigurationPlatforms) = postSolution
		{6E66BABF-7CBF-4D82-8816-91D840A6DE8E}.Debug|Any CPU.ActiveCfg = Debug|Any CPU
		{6E66BABF-7CBF-4D82-8816-91D840A6DE8E}.Debug|Any CPU.Build.0 = Debug|Any CPU
		{6E66BABF-7CBF-4D82-8816-91D840A6DE8E}.Release|Any CPU.ActiveCfg = Release|Any CPU
		{6E66BABF-7CBF-4D82-8816-91D840A6DE8E}.Release|Any CPU.Build.0 = Release|Any CPU
		{13DC0A4D-8301-470F-BD4E-A4AD037FE8EA}.Debug|Any CPU.ActiveCfg = Debug|Any CPU
		{13DC0A4D-8301-470F-BD4E-A4AD037FE8EA}.Debug|Any CPU.Build.0 = Debug|Any CPU
		{13DC0A4D-8301-470F-BD4E-A4AD037FE8EA}.Debug|Any CPU.Deploy.0 = Debug|Any CPU
		{13DC0A4D-8301-470F-BD4E-A4AD037FE8EA}.Release|Any CPU.ActiveCfg = Release|Any CPU
		{13DC0A4D-8301-470F-BD4E-A4AD037FE8EA}.Release|Any CPU.Build.0 = Release|Any CPU
		{B0576803-72C0-4B0F-8C58-8C9C644E5152}.Debug|Any CPU.ActiveCfg = Debug|Any CPU
		{B0576803-72C0-4B0F-8C58-8C9C644E5152}.Debug|Any CPU.Build.0 = Debug|Any CPU
		{B0576803-72C0-4B0F-8C58-8C9C644E5152}.Release|Any CPU.ActiveCfg = Release|Any CPU
		{B0576803-72C0-4B0F-8C58-8C9C644E5152}.Release|Any CPU.Build.0 = Release|Any CPU
		{321ED02C-039C-41CF-8C23-B0636ACA57F9}.Debug|Any CPU.ActiveCfg = Debug|Any CPU
		{321ED02C-039C-41CF-8C23-B0636ACA57F9}.Debug|Any CPU.Build.0 = Debug|Any CPU
		{321ED02C-039C-41CF-8C23-B0636ACA57F9}.Release|Any CPU.ActiveCfg = Release|Any CPU
		{321ED02C-039C-41CF-8C23-B0636ACA57F9}.Release|Any CPU.Build.0 = Release|Any CPU
	EndGlobalSection
	GlobalSection(SolutionProperties) = preSolution
		HideSolutionNode = FALSE
	EndGlobalSection
	GlobalSection(NestedProjects) = preSolution
		{6E66BABF-7CBF-4D82-8816-91D840A6DE8E} = {02EA681E-C7D8-13C7-8484-4AC65E1B71E8}
		{13DC0A4D-8301-470F-BD4E-A4AD037FE8EA} = {02EA681E-C7D8-13C7-8484-4AC65E1B71E8}
		{B0576803-72C0-4B0F-8C58-8C9C644E5152} = {02EA681E-C7D8-13C7-8484-4AC65E1B71E8}
		{321ED02C-039C-41CF-8C23-B0636ACA57F9} = {02EA681E-C7D8-13C7-8484-4AC65E1B71E8}
	EndGlobalSection
	GlobalSection(ExtensibilityGlobals) = postSolution
		SolutionGuid = {0C3CA28E-0FE4-4608-96C9-2512B5001F71}
	EndGlobalSection
EndGlobal
